
Microsoft Visual Studio Solution File, Format Version 12.00
# Visual Studio Version 17
VisualStudioVersion = 17.5.33530.505
MinimumVisualStudioVersion = 10.0.40219.1
Project("{FAE04EC0-301F-11D3-BF4B-00C04F79EFBC}") = "Assignmnet_5", "Assignmnet_5.csproj", "{D6BC7A21-841A-4597-B581-38679503FC8C}"
EndProject
Global
	GlobalSection(SolutionConfigurationPlatforms) = preSolution
		Debug|Any CPU = Debug|Any CPU
		Release|Any CPU = Release|Any CPU
	EndGlobalSection
	GlobalSection(ProjectConfigurationPlatforms) = postSolution
		{D6BC7A21-841A-4597-B581-38679503FC8C}.Debug|Any CPU.ActiveCfg = Debug|Any CPU
		{D6BC7A21-841A-4597-B581-38679503FC8C}.Debug|Any CPU.Build.0 = Debug|Any CPU
		{D6BC7A21-841A-4597-B581-38679503FC8C}.Release|Any CPU.ActiveCfg = Release|Any CPU
		{D6BC7A21-841A-4597-B581-38679503FC8C}.Release|Any CPU.Build.0 = Release|Any CPU
	EndGlobalSection
	GlobalSection(SolutionProperties) = preSolution
		HideSolutionNode = FALSE
	EndGlobalSection
	GlobalSection(ExtensibilityGlobals) = postSolution
		SolutionGuid = {77942834-118C-40A5-9A26-35105BB1FA02}
	EndGlobalSection
EndGlobal
